
Microsoft Visual Studio Solution File, Format Version 12.00
# Visual Studio 14
VisualStudioVersion = 14.0.25420.1
MinimumVisualStudioVersion = 10.0.40219.1
Project("{FAE04EC0-301F-11D3-BF4B-00C04F79EFBC}") = "TestGraphApi", "TestGraphApi\TestGraphApi.csproj", "{A228F8D0-A228-48F3-A6E4-19ADD59F19A4}"
EndProject
Global
	GlobalSection(SolutionConfigurationPlatforms) = preSolution
		Debug|Any CPU = Debug|Any CPU
		Release|Any CPU = Release|Any CPU
	EndGlobalSection
	GlobalSection(ProjectConfigurationPlatforms) = postSolution
		{A228F8D0-A228-48F3-A6E4-19ADD59F19A4}.Debug|Any CPU.ActiveCfg = Debug|Any CPU
		{A228F8D0-A228-48F3-A6E4-19ADD59F19A4}.Debug|Any CPU.Build.0 = Debug|Any CPU
		{A228F8D0-A228-48F3-A6E4-19ADD59F19A4}.Release|Any CPU.ActiveCfg = Release|Any CPU
		{A228F8D0-A228-48F3-A6E4-19ADD59F19A4}.Release|Any CPU.Build.0 = Release|Any CPU
	EndGlobalSection
	GlobalSection(SolutionProperties) = preSolution
		HideSolutionNode = FALSE
	EndGlobalSection
EndGlobal
